
Microsoft Visual Studio Solution File, Format Version 12.00
# Visual Studio Version 16
VisualStudioVersion = 16.0.29806.167
MinimumVisualStudioVersion = 10.0.40219.1
Project("{9A19103F-16F7-4668-BE54-9A1E7A4F7556}") = "PaylocityDemo", "PaylocityDemo\PaylocityDemo.csproj", "{1ED13051-0AFA-4986-B765-B817DACD42FF}"
EndProject
Project("{9A19103F-16F7-4668-BE54-9A1E7A4F7556}") = "PaylocityDemo.Tests", "PaylocityDemo.Tests\PaylocityDemo.Tests.csproj", "{C6FC1C64-B5C3-4B14-964F-75D1F40E3E33}"
EndProject
Project("{00D1A9C2-B5F0-4AF3-8072-F6C62B433612}") = "PaylocityDemo.Database", "PaylocityDemo.Database\PaylocityDemo.Database.sqlproj", "{82F6F7F4-A0E1-478A-A75F-3FBB0EF95A78}"
EndProject
Global
	GlobalSection(SolutionConfigurationPlatforms) = preSolution
		Debug|Any CPU = Debug|Any CPU
		Release|Any CPU = Release|Any CPU
	EndGlobalSection
	GlobalSection(ProjectConfigurationPlatforms) = postSolution
		{1ED13051-0AFA-4986-B765-B817DACD42FF}.Debug|Any CPU.ActiveCfg = Debug|Any CPU
		{1ED13051-0AFA-4986-B765-B817DACD42FF}.Debug|Any CPU.Build.0 = Debug|Any CPU
		{1ED13051-0AFA-4986-B765-B817DACD42FF}.Release|Any CPU.ActiveCfg = Release|Any CPU
		{1ED13051-0AFA-4986-B765-B817DACD42FF}.Release|Any CPU.Build.0 = Release|Any CPU
		{C6FC1C64-B5C3-4B14-964F-75D1F40E3E33}.Debug|Any CPU.ActiveCfg = Debug|Any CPU
		{C6FC1C64-B5C3-4B14-964F-75D1F40E3E33}.Debug|Any CPU.Build.0 = Debug|Any CPU
		{C6FC1C64-B5C3-4B14-964F-75D1F40E3E33}.Release|Any CPU.ActiveCfg = Release|Any CPU
		{C6FC1C64-B5C3-4B14-964F-75D1F40E3E33}.Release|Any CPU.Build.0 = Release|Any CPU
		{82F6F7F4-A0E1-478A-A75F-3FBB0EF95A78}.Debug|Any CPU.ActiveCfg = Debug|Any CPU
		{82F6F7F4-A0E1-478A-A75F-3FBB0EF95A78}.Debug|Any CPU.Build.0 = Debug|Any CPU
		{82F6F7F4-A0E1-478A-A75F-3FBB0EF95A78}.Debug|Any CPU.Deploy.0 = Debug|Any CPU
		{82F6F7F4-A0E1-478A-A75F-3FBB0EF95A78}.Release|Any CPU.ActiveCfg = Release|Any CPU
		{82F6F7F4-A0E1-478A-A75F-3FBB0EF95A78}.Release|Any CPU.Build.0 = Release|Any CPU
		{82F6F7F4-A0E1-478A-A75F-3FBB0EF95A78}.Release|Any CPU.Deploy.0 = Release|Any CPU
	EndGlobalSection
	GlobalSection(SolutionProperties) = preSolution
		HideSolutionNode = FALSE
	EndGlobalSection
	GlobalSection(ExtensibilityGlobals) = postSolution
		SolutionGuid = {3655D575-1F10-462B-A0A8-CFC0B4176A0A}
	EndGlobalSection
EndGlobal
